
Microsoft Visual Studio Solution File, Format Version 12.00
# Visual Studio Version 17
VisualStudioVersion = 17.4.33213.308
MinimumVisualStudioVersion = 10.0.40219.1
Project("{FAE04EC0-301F-11D3-BF4B-00C04F79EFBC}") = "Calculations", "Calculations\Calculations.csproj", "{EDF22047-D03A-4991-B1C2-9890EC269C7F}"
EndProject
Global
	GlobalSection(SolutionConfigurationPlatforms) = preSolution
		Debug|Any CPU = Debug|Any CPU
		Release|Any CPU = Release|Any CPU
	EndGlobalSection
	GlobalSection(ProjectConfigurationPlatforms) = postSolution
		{EDF22047-D03A-4991-B1C2-9890EC269C7F}.Debug|Any CPU.ActiveCfg = Debug|Any CPU
		{EDF22047-D03A-4991-B1C2-9890EC269C7F}.Debug|Any CPU.Build.0 = Debug|Any CPU
		{EDF22047-D03A-4991-B1C2-9890EC269C7F}.Release|Any CPU.ActiveCfg = Release|Any CPU
		{EDF22047-D03A-4991-B1C2-9890EC269C7F}.Release|Any CPU.Build.0 = Release|Any CPU
	EndGlobalSection
	GlobalSection(SolutionProperties) = preSolution
		HideSolutionNode = FALSE
	EndGlobalSection
	GlobalSection(ExtensibilityGlobals) = postSolution
		SolutionGuid = {052F47D7-93AD-4CAB-A5B8-B5CE80EF8E71}
	EndGlobalSection
EndGlobal
