
Microsoft Visual Studio Solution File, Format Version 12.00
# Visual Studio Version 17
VisualStudioVersion = 17.4.33213.308
MinimumVisualStudioVersion = 10.0.40219.1
Project("{FAE04EC0-301F-11D3-BF4B-00C04F79EFBC}") = "CalculationsApp", "CalculationsApp\CalculationsApp.csproj", "{48AA324C-D507-47FF-872A-41FFCAE6C73B}"
EndProject
Global
	GlobalSection(SolutionConfigurationPlatforms) = preSolution
		Debug|Any CPU = Debug|Any CPU
		Release|Any CPU = Release|Any CPU
	EndGlobalSection
	GlobalSection(ProjectConfigurationPlatforms) = postSolution
		{48AA324C-D507-47FF-872A-41FFCAE6C73B}.Debug|Any CPU.ActiveCfg = Debug|Any CPU
		{48AA324C-D507-47FF-872A-41FFCAE6C73B}.Debug|Any CPU.Build.0 = Debug|Any CPU
		{48AA324C-D507-47FF-872A-41FFCAE6C73B}.Release|Any CPU.ActiveCfg = Release|Any CPU
		{48AA324C-D507-47FF-872A-41FFCAE6C73B}.Release|Any CPU.Build.0 = Release|Any CPU
	EndGlobalSection
	GlobalSection(SolutionProperties) = preSolution
		HideSolutionNode = FALSE
	EndGlobalSection
	GlobalSection(ExtensibilityGlobals) = postSolution
		SolutionGuid = {C396025D-CFC7-49F5-B0C0-D254221C8AC4}
	EndGlobalSection
EndGlobal
