
Microsoft Visual Studio Solution File, Format Version 12.00
# Visual Studio Version 17
VisualStudioVersion = 17.4.33213.308
MinimumVisualStudioVersion = 10.0.40219.1
Project("{FAE04EC0-301F-11D3-BF4B-00C04F79EFBC}") = "SquareWithMaxSum", "SquareWithMaxSum\SquareWithMaxSum.csproj", "{540E1B2F-EE4C-437C-A7C6-9D838FC0B864}"
EndProject
Global
	GlobalSection(SolutionConfigurationPlatforms) = preSolution
		Debug|Any CPU = Debug|Any CPU
		Release|Any CPU = Release|Any CPU
	EndGlobalSection
	GlobalSection(ProjectConfigurationPlatforms) = postSolution
		{540E1B2F-EE4C-437C-A7C6-9D838FC0B864}.Debug|Any CPU.ActiveCfg = Debug|Any CPU
		{540E1B2F-EE4C-437C-A7C6-9D838FC0B864}.Debug|Any CPU.Build.0 = Debug|Any CPU
		{540E1B2F-EE4C-437C-A7C6-9D838FC0B864}.Release|Any CPU.ActiveCfg = Release|Any CPU
		{540E1B2F-EE4C-437C-A7C6-9D838FC0B864}.Release|Any CPU.Build.0 = Release|Any CPU
	EndGlobalSection
	GlobalSection(SolutionProperties) = preSolution
		HideSolutionNode = FALSE
	EndGlobalSection
	GlobalSection(ExtensibilityGlobals) = postSolution
		SolutionGuid = {5D7D3939-894B-4D82-898C-CE6234811661}
	EndGlobalSection
EndGlobal
