
Microsoft Visual Studio Solution File, Format Version 12.00
# Visual Studio Version 17
VisualStudioVersion = 17.4.33213.308
MinimumVisualStudioVersion = 10.0.40219.1
Project("{FAE04EC0-301F-11D3-BF4B-00C04F79EFBC}") = "AverageStudentGrades", "AverageStudentGrades\AverageStudentGrades.csproj", "{9E04648A-6ABF-4E50-9BE9-48A6C08B50B1}"
EndProject
Global
	GlobalSection(SolutionConfigurationPlatforms) = preSolution
		Debug|Any CPU = Debug|Any CPU
		Release|Any CPU = Release|Any CPU
	EndGlobalSection
	GlobalSection(ProjectConfigurationPlatforms) = postSolution
		{9E04648A-6ABF-4E50-9BE9-48A6C08B50B1}.Debug|Any CPU.ActiveCfg = Debug|Any CPU
		{9E04648A-6ABF-4E50-9BE9-48A6C08B50B1}.Debug|Any CPU.Build.0 = Debug|Any CPU
		{9E04648A-6ABF-4E50-9BE9-48A6C08B50B1}.Release|Any CPU.ActiveCfg = Release|Any CPU
		{9E04648A-6ABF-4E50-9BE9-48A6C08B50B1}.Release|Any CPU.Build.0 = Release|Any CPU
	EndGlobalSection
	GlobalSection(SolutionProperties) = preSolution
		HideSolutionNode = FALSE
	EndGlobalSection
	GlobalSection(ExtensibilityGlobals) = postSolution
		SolutionGuid = {38149A9E-4011-45A9-81BD-8BB64851ECAA}
	EndGlobalSection
EndGlobal
