
Microsoft Visual Studio Solution File, Format Version 12.00
# Visual Studio Version 17
VisualStudioVersion = 17.4.33213.308
MinimumVisualStudioVersion = 10.0.40219.1
Project("{FAE04EC0-301F-11D3-BF4B-00C04F79EFBC}") = "RepeatStrings", "RepeatStrings\RepeatStrings.csproj", "{F482D63A-16BA-4B5E-AD95-7F9F4279973B}"
EndProject
Global
	GlobalSection(SolutionConfigurationPlatforms) = preSolution
		Debug|Any CPU = Debug|Any CPU
		Release|Any CPU = Release|Any CPU
	EndGlobalSection
	GlobalSection(ProjectConfigurationPlatforms) = postSolution
		{F482D63A-16BA-4B5E-AD95-7F9F4279973B}.Debug|Any CPU.ActiveCfg = Debug|Any CPU
		{F482D63A-16BA-4B5E-AD95-7F9F4279973B}.Debug|Any CPU.Build.0 = Debug|Any CPU
		{F482D63A-16BA-4B5E-AD95-7F9F4279973B}.Release|Any CPU.ActiveCfg = Release|Any CPU
		{F482D63A-16BA-4B5E-AD95-7F9F4279973B}.Release|Any CPU.Build.0 = Release|Any CPU
	EndGlobalSection
	GlobalSection(SolutionProperties) = preSolution
		HideSolutionNode = FALSE
	EndGlobalSection
	GlobalSection(ExtensibilityGlobals) = postSolution
		SolutionGuid = {F3FD7CD1-F952-43E9-B9CA-0AF115502B6B}
	EndGlobalSection
EndGlobal
