
Microsoft Visual Studio Solution File, Format Version 12.00
# Visual Studio Version 17
VisualStudioVersion = 17.4.33213.308
MinimumVisualStudioVersion = 10.0.40219.1
Project("{FAE04EC0-301F-11D3-BF4B-00C04F79EFBC}") = "SomethingInCommon", "SomethingInCommon\SomethingInCommon.csproj", "{E4DCC757-115A-4FA7-8AA0-FF2D384597CC}"
EndProject
Global
	GlobalSection(SolutionConfigurationPlatforms) = preSolution
		Debug|Any CPU = Debug|Any CPU
		Release|Any CPU = Release|Any CPU
	EndGlobalSection
	GlobalSection(ProjectConfigurationPlatforms) = postSolution
		{E4DCC757-115A-4FA7-8AA0-FF2D384597CC}.Debug|Any CPU.ActiveCfg = Debug|Any CPU
		{E4DCC757-115A-4FA7-8AA0-FF2D384597CC}.Debug|Any CPU.Build.0 = Debug|Any CPU
		{E4DCC757-115A-4FA7-8AA0-FF2D384597CC}.Release|Any CPU.ActiveCfg = Release|Any CPU
		{E4DCC757-115A-4FA7-8AA0-FF2D384597CC}.Release|Any CPU.Build.0 = Release|Any CPU
	EndGlobalSection
	GlobalSection(SolutionProperties) = preSolution
		HideSolutionNode = FALSE
	EndGlobalSection
	GlobalSection(ExtensibilityGlobals) = postSolution
		SolutionGuid = {46A913BF-BE35-4E34-B164-DBFF026E210A}
	EndGlobalSection
EndGlobal
