
Microsoft Visual Studio Solution File, Format Version 12.00
# Visual Studio Version 17
VisualStudioVersion = 17.4.33213.308
MinimumVisualStudioVersion = 10.0.40219.1
Project("{FAE04EC0-301F-11D3-BF4B-00C04F79EFBC}") = "SumOfChars", "SumOfChars\SumOfChars.csproj", "{DECB35D1-86C8-4343-9274-B2F1CC04DD6F}"
EndProject
Global
	GlobalSection(SolutionConfigurationPlatforms) = preSolution
		Debug|Any CPU = Debug|Any CPU
		Release|Any CPU = Release|Any CPU
	EndGlobalSection
	GlobalSection(ProjectConfigurationPlatforms) = postSolution
		{DECB35D1-86C8-4343-9274-B2F1CC04DD6F}.Debug|Any CPU.ActiveCfg = Debug|Any CPU
		{DECB35D1-86C8-4343-9274-B2F1CC04DD6F}.Debug|Any CPU.Build.0 = Debug|Any CPU
		{DECB35D1-86C8-4343-9274-B2F1CC04DD6F}.Release|Any CPU.ActiveCfg = Release|Any CPU
		{DECB35D1-86C8-4343-9274-B2F1CC04DD6F}.Release|Any CPU.Build.0 = Release|Any CPU
	EndGlobalSection
	GlobalSection(SolutionProperties) = preSolution
		HideSolutionNode = FALSE
	EndGlobalSection
	GlobalSection(ExtensibilityGlobals) = postSolution
		SolutionGuid = {22D8800E-2B2E-482A-B68A-0424CFAD2F84}
	EndGlobalSection
EndGlobal
