
Microsoft Visual Studio Solution File, Format Version 12.00
# Visual Studio Version 17
VisualStudioVersion = 17.4.33213.308
MinimumVisualStudioVersion = 10.0.40219.1
Project("{FAE04EC0-301F-11D3-BF4B-00C04F79EFBC}") = "Train", "Train\Train.csproj", "{A0CCCDF9-3077-4EB9-AFC7-72AAD79B45BA}"
EndProject
Global
	GlobalSection(SolutionConfigurationPlatforms) = preSolution
		Debug|Any CPU = Debug|Any CPU
		Release|Any CPU = Release|Any CPU
	EndGlobalSection
	GlobalSection(ProjectConfigurationPlatforms) = postSolution
		{A0CCCDF9-3077-4EB9-AFC7-72AAD79B45BA}.Debug|Any CPU.ActiveCfg = Debug|Any CPU
		{A0CCCDF9-3077-4EB9-AFC7-72AAD79B45BA}.Debug|Any CPU.Build.0 = Debug|Any CPU
		{A0CCCDF9-3077-4EB9-AFC7-72AAD79B45BA}.Release|Any CPU.ActiveCfg = Release|Any CPU
		{A0CCCDF9-3077-4EB9-AFC7-72AAD79B45BA}.Release|Any CPU.Build.0 = Release|Any CPU
	EndGlobalSection
	GlobalSection(SolutionProperties) = preSolution
		HideSolutionNode = FALSE
	EndGlobalSection
	GlobalSection(ExtensibilityGlobals) = postSolution
		SolutionGuid = {80DD1357-F527-4BFE-A986-FD0770F289B8}
	EndGlobalSection
EndGlobal
