
Microsoft Visual Studio Solution File, Format Version 12.00
# Visual Studio Version 17
VisualStudioVersion = 17.4.33213.308
MinimumVisualStudioVersion = 10.0.40219.1
Project("{FAE04EC0-301F-11D3-BF4B-00C04F79EFBC}") = "CountNumbers", "CountNumbers\CountNumbers.csproj", "{60604E7E-DCA1-4799-A9B8-2B72DB417FDF}"
EndProject
Global
	GlobalSection(SolutionConfigurationPlatforms) = preSolution
		Debug|Any CPU = Debug|Any CPU
		Release|Any CPU = Release|Any CPU
	EndGlobalSection
	GlobalSection(ProjectConfigurationPlatforms) = postSolution
		{60604E7E-DCA1-4799-A9B8-2B72DB417FDF}.Debug|Any CPU.ActiveCfg = Debug|Any CPU
		{60604E7E-DCA1-4799-A9B8-2B72DB417FDF}.Debug|Any CPU.Build.0 = Debug|Any CPU
		{60604E7E-DCA1-4799-A9B8-2B72DB417FDF}.Release|Any CPU.ActiveCfg = Release|Any CPU
		{60604E7E-DCA1-4799-A9B8-2B72DB417FDF}.Release|Any CPU.Build.0 = Release|Any CPU
	EndGlobalSection
	GlobalSection(SolutionProperties) = preSolution
		HideSolutionNode = FALSE
	EndGlobalSection
	GlobalSection(ExtensibilityGlobals) = postSolution
		SolutionGuid = {C14D3CBA-8DED-42C0-9B78-CBB397FEF3C6}
	EndGlobalSection
EndGlobal
