
Microsoft Visual Studio Solution File, Format Version 12.00
# Visual Studio Version 17
VisualStudioVersion = 17.4.33213.308
MinimumVisualStudioVersion = 10.0.40219.1
Project("{FAE04EC0-301F-11D3-BF4B-00C04F79EFBC}") = "Counter-Strike", "Counter-Strike\Counter-Strike.csproj", "{2C3C99ED-21D5-466B-A67A-DE2FF4C8072A}"
EndProject
Global
	GlobalSection(SolutionConfigurationPlatforms) = preSolution
		Debug|Any CPU = Debug|Any CPU
		Release|Any CPU = Release|Any CPU
	EndGlobalSection
	GlobalSection(ProjectConfigurationPlatforms) = postSolution
		{2C3C99ED-21D5-466B-A67A-DE2FF4C8072A}.Debug|Any CPU.ActiveCfg = Debug|Any CPU
		{2C3C99ED-21D5-466B-A67A-DE2FF4C8072A}.Debug|Any CPU.Build.0 = Debug|Any CPU
		{2C3C99ED-21D5-466B-A67A-DE2FF4C8072A}.Release|Any CPU.ActiveCfg = Release|Any CPU
		{2C3C99ED-21D5-466B-A67A-DE2FF4C8072A}.Release|Any CPU.Build.0 = Release|Any CPU
	EndGlobalSection
	GlobalSection(SolutionProperties) = preSolution
		HideSolutionNode = FALSE
	EndGlobalSection
	GlobalSection(ExtensibilityGlobals) = postSolution
		SolutionGuid = {657DEA57-B986-48CA-9994-C6C14FBCE648}
	EndGlobalSection
EndGlobal
