
Microsoft Visual Studio Solution File, Format Version 12.00
# Visual Studio Version 17
VisualStudioVersion = 17.4.33213.308
MinimumVisualStudioVersion = 10.0.40219.1
Project("{FAE04EC0-301F-11D3-BF4B-00C04F79EFBC}") = "SmallestOfThreeNumbers", "SmallestOfThreeNumbers\SmallestOfThreeNumbers.csproj", "{A609E3AD-9184-45B0-B292-3E7ECC8A8BD8}"
EndProject
Global
	GlobalSection(SolutionConfigurationPlatforms) = preSolution
		Debug|Any CPU = Debug|Any CPU
		Release|Any CPU = Release|Any CPU
	EndGlobalSection
	GlobalSection(ProjectConfigurationPlatforms) = postSolution
		{A609E3AD-9184-45B0-B292-3E7ECC8A8BD8}.Debug|Any CPU.ActiveCfg = Debug|Any CPU
		{A609E3AD-9184-45B0-B292-3E7ECC8A8BD8}.Debug|Any CPU.Build.0 = Debug|Any CPU
		{A609E3AD-9184-45B0-B292-3E7ECC8A8BD8}.Release|Any CPU.ActiveCfg = Release|Any CPU
		{A609E3AD-9184-45B0-B292-3E7ECC8A8BD8}.Release|Any CPU.Build.0 = Release|Any CPU
	EndGlobalSection
	GlobalSection(SolutionProperties) = preSolution
		HideSolutionNode = FALSE
	EndGlobalSection
	GlobalSection(ExtensibilityGlobals) = postSolution
		SolutionGuid = {3F0CF15B-BB6E-48AC-B32A-E015072605A0}
	EndGlobalSection
EndGlobal
