
Microsoft Visual Studio Solution File, Format Version 12.00
# Visual Studio Version 17
VisualStudioVersion = 17.4.33213.308
MinimumVisualStudioVersion = 10.0.40219.1
Project("{FAE04EC0-301F-11D3-BF4B-00C04F79EFBC}") = "DayOfWeek", "DayOfWeek\DayOfWeek.csproj", "{DAD97302-A81B-4382-BCFD-89E7F65B972D}"
EndProject
Global
	GlobalSection(SolutionConfigurationPlatforms) = preSolution
		Debug|Any CPU = Debug|Any CPU
		Release|Any CPU = Release|Any CPU
	EndGlobalSection
	GlobalSection(ProjectConfigurationPlatforms) = postSolution
		{DAD97302-A81B-4382-BCFD-89E7F65B972D}.Debug|Any CPU.ActiveCfg = Debug|Any CPU
		{DAD97302-A81B-4382-BCFD-89E7F65B972D}.Debug|Any CPU.Build.0 = Debug|Any CPU
		{DAD97302-A81B-4382-BCFD-89E7F65B972D}.Release|Any CPU.ActiveCfg = Release|Any CPU
		{DAD97302-A81B-4382-BCFD-89E7F65B972D}.Release|Any CPU.Build.0 = Release|Any CPU
	EndGlobalSection
	GlobalSection(SolutionProperties) = preSolution
		HideSolutionNode = FALSE
	EndGlobalSection
	GlobalSection(ExtensibilityGlobals) = postSolution
		SolutionGuid = {390C3E92-A23E-413B-95CE-D88B8B41D587}
	EndGlobalSection
EndGlobal
