
Microsoft Visual Studio Solution File, Format Version 12.00
# Visual Studio Version 17
VisualStudioVersion = 17.4.33213.308
MinimumVisualStudioVersion = 10.0.40219.1
Project("{FAE04EC0-301F-11D3-BF4B-00C04F79EFBC}") = "SecretMessages", "SecretMessages\SecretMessages.csproj", "{BC54B0BA-034E-44B5-B1C5-7278EB6BFAA8}"
EndProject
Global
	GlobalSection(SolutionConfigurationPlatforms) = preSolution
		Debug|Any CPU = Debug|Any CPU
		Release|Any CPU = Release|Any CPU
	EndGlobalSection
	GlobalSection(ProjectConfigurationPlatforms) = postSolution
		{BC54B0BA-034E-44B5-B1C5-7278EB6BFAA8}.Debug|Any CPU.ActiveCfg = Debug|Any CPU
		{BC54B0BA-034E-44B5-B1C5-7278EB6BFAA8}.Debug|Any CPU.Build.0 = Debug|Any CPU
		{BC54B0BA-034E-44B5-B1C5-7278EB6BFAA8}.Release|Any CPU.ActiveCfg = Release|Any CPU
		{BC54B0BA-034E-44B5-B1C5-7278EB6BFAA8}.Release|Any CPU.Build.0 = Release|Any CPU
	EndGlobalSection
	GlobalSection(SolutionProperties) = preSolution
		HideSolutionNode = FALSE
	EndGlobalSection
	GlobalSection(ExtensibilityGlobals) = postSolution
		SolutionGuid = {E39CDCDB-379F-4A9F-951B-1FA2A499277A}
	EndGlobalSection
EndGlobal
