
Microsoft Visual Studio Solution File, Format Version 12.00
# Visual Studio Version 17
VisualStudioVersion = 17.4.33213.308
MinimumVisualStudioVersion = 10.0.40219.1
Project("{FAE04EC0-301F-11D3-BF4B-00C04F79EFBC}") = "CaesarCipher", "CaesarCipher\CaesarCipher.csproj", "{DA24F8B9-404F-4BA8-BCD6-6CF04DEAAE60}"
EndProject
Global
	GlobalSection(SolutionConfigurationPlatforms) = preSolution
		Debug|Any CPU = Debug|Any CPU
		Release|Any CPU = Release|Any CPU
	EndGlobalSection
	GlobalSection(ProjectConfigurationPlatforms) = postSolution
		{DA24F8B9-404F-4BA8-BCD6-6CF04DEAAE60}.Debug|Any CPU.ActiveCfg = Debug|Any CPU
		{DA24F8B9-404F-4BA8-BCD6-6CF04DEAAE60}.Debug|Any CPU.Build.0 = Debug|Any CPU
		{DA24F8B9-404F-4BA8-BCD6-6CF04DEAAE60}.Release|Any CPU.ActiveCfg = Release|Any CPU
		{DA24F8B9-404F-4BA8-BCD6-6CF04DEAAE60}.Release|Any CPU.Build.0 = Release|Any CPU
	EndGlobalSection
	GlobalSection(SolutionProperties) = preSolution
		HideSolutionNode = FALSE
	EndGlobalSection
	GlobalSection(ExtensibilityGlobals) = postSolution
		SolutionGuid = {DA1A9F98-1C1D-4617-A8F6-C35FB6183A9B}
	EndGlobalSection
EndGlobal
