
Microsoft Visual Studio Solution File, Format Version 12.00
# Visual Studio Version 17
VisualStudioVersion = 17.4.33213.308
MinimumVisualStudioVersion = 10.0.40219.1
Project("{FAE04EC0-301F-11D3-BF4B-00C04F79EFBC}") = "BonusScoringSystem", "BonusScoringSystem\BonusScoringSystem.csproj", "{490146AE-96F4-4C8D-9635-AB2BB3B86B95}"
EndProject
Global
	GlobalSection(SolutionConfigurationPlatforms) = preSolution
		Debug|Any CPU = Debug|Any CPU
		Release|Any CPU = Release|Any CPU
	EndGlobalSection
	GlobalSection(ProjectConfigurationPlatforms) = postSolution
		{490146AE-96F4-4C8D-9635-AB2BB3B86B95}.Debug|Any CPU.ActiveCfg = Debug|Any CPU
		{490146AE-96F4-4C8D-9635-AB2BB3B86B95}.Debug|Any CPU.Build.0 = Debug|Any CPU
		{490146AE-96F4-4C8D-9635-AB2BB3B86B95}.Release|Any CPU.ActiveCfg = Release|Any CPU
		{490146AE-96F4-4C8D-9635-AB2BB3B86B95}.Release|Any CPU.Build.0 = Release|Any CPU
	EndGlobalSection
	GlobalSection(SolutionProperties) = preSolution
		HideSolutionNode = FALSE
	EndGlobalSection
	GlobalSection(ExtensibilityGlobals) = postSolution
		SolutionGuid = {7E7F9346-4157-4F6F-BC44-931B76218BFF}
	EndGlobalSection
EndGlobal
