
Microsoft Visual Studio Solution File, Format Version 12.00
# Visual Studio Version 17
VisualStudioVersion = 17.4.33213.308
MinimumVisualStudioVersion = 10.0.40219.1
Project("{FAE04EC0-301F-11D3-BF4B-00C04F79EFBC}") = "StringExplosion", "StringExplosion\StringExplosion.csproj", "{ED139B7F-F7A4-4E2C-AB91-A4A20AF0674F}"
EndProject
Global
	GlobalSection(SolutionConfigurationPlatforms) = preSolution
		Debug|Any CPU = Debug|Any CPU
		Release|Any CPU = Release|Any CPU
	EndGlobalSection
	GlobalSection(ProjectConfigurationPlatforms) = postSolution
		{ED139B7F-F7A4-4E2C-AB91-A4A20AF0674F}.Debug|Any CPU.ActiveCfg = Debug|Any CPU
		{ED139B7F-F7A4-4E2C-AB91-A4A20AF0674F}.Debug|Any CPU.Build.0 = Debug|Any CPU
		{ED139B7F-F7A4-4E2C-AB91-A4A20AF0674F}.Release|Any CPU.ActiveCfg = Release|Any CPU
		{ED139B7F-F7A4-4E2C-AB91-A4A20AF0674F}.Release|Any CPU.Build.0 = Release|Any CPU
	EndGlobalSection
	GlobalSection(SolutionProperties) = preSolution
		HideSolutionNode = FALSE
	EndGlobalSection
	GlobalSection(ExtensibilityGlobals) = postSolution
		SolutionGuid = {2939E49B-6E00-4249-8101-0684E539028B}
	EndGlobalSection
EndGlobal
