
Microsoft Visual Studio Solution File, Format Version 12.00
# Visual Studio Version 17
VisualStudioVersion = 17.4.33213.308
MinimumVisualStudioVersion = 10.0.40219.1
Project("{FAE04EC0-301F-11D3-BF4B-00C04F79EFBC}") = "DigitsLettersOthers", "DigitsLettersOthers\DigitsLettersOthers.csproj", "{A91F85CB-21EF-42DF-B89C-EA710161402C}"
EndProject
Global
	GlobalSection(SolutionConfigurationPlatforms) = preSolution
		Debug|Any CPU = Debug|Any CPU
		Release|Any CPU = Release|Any CPU
	EndGlobalSection
	GlobalSection(ProjectConfigurationPlatforms) = postSolution
		{A91F85CB-21EF-42DF-B89C-EA710161402C}.Debug|Any CPU.ActiveCfg = Debug|Any CPU
		{A91F85CB-21EF-42DF-B89C-EA710161402C}.Debug|Any CPU.Build.0 = Debug|Any CPU
		{A91F85CB-21EF-42DF-B89C-EA710161402C}.Release|Any CPU.ActiveCfg = Release|Any CPU
		{A91F85CB-21EF-42DF-B89C-EA710161402C}.Release|Any CPU.Build.0 = Release|Any CPU
	EndGlobalSection
	GlobalSection(SolutionProperties) = preSolution
		HideSolutionNode = FALSE
	EndGlobalSection
	GlobalSection(ExtensibilityGlobals) = postSolution
		SolutionGuid = {D0E63163-5C65-4091-BCAB-FCC02131A90B}
	EndGlobalSection
EndGlobal
