
Microsoft Visual Studio Solution File, Format Version 12.00
# Visual Studio Version 17
VisualStudioVersion = 17.4.33213.308
MinimumVisualStudioVersion = 10.0.40219.1
Project("{FAE04EC0-301F-11D3-BF4B-00C04F79EFBC}") = "BestHero", "BestHero\BestHero.csproj", "{6AEAD63B-332E-473B-8B91-DCE713249B08}"
EndProject
Global
	GlobalSection(SolutionConfigurationPlatforms) = preSolution
		Debug|Any CPU = Debug|Any CPU
		Release|Any CPU = Release|Any CPU
	EndGlobalSection
	GlobalSection(ProjectConfigurationPlatforms) = postSolution
		{6AEAD63B-332E-473B-8B91-DCE713249B08}.Debug|Any CPU.ActiveCfg = Debug|Any CPU
		{6AEAD63B-332E-473B-8B91-DCE713249B08}.Debug|Any CPU.Build.0 = Debug|Any CPU
		{6AEAD63B-332E-473B-8B91-DCE713249B08}.Release|Any CPU.ActiveCfg = Release|Any CPU
		{6AEAD63B-332E-473B-8B91-DCE713249B08}.Release|Any CPU.Build.0 = Release|Any CPU
	EndGlobalSection
	GlobalSection(SolutionProperties) = preSolution
		HideSolutionNode = FALSE
	EndGlobalSection
	GlobalSection(ExtensibilityGlobals) = postSolution
		SolutionGuid = {8585C16B-C659-4BE9-B4F6-C284B2365473}
	EndGlobalSection
EndGlobal
