
Microsoft Visual Studio Solution File, Format Version 12.00
# Visual Studio Version 17
VisualStudioVersion = 17.4.33213.308
MinimumVisualStudioVersion = 10.0.40219.1
Project("{FAE04EC0-301F-11D3-BF4B-00C04F79EFBC}") = "RepeatString", "RepeatString\RepeatString.csproj", "{9E167982-9802-4374-9075-3B8656455661}"
EndProject
Global
	GlobalSection(SolutionConfigurationPlatforms) = preSolution
		Debug|Any CPU = Debug|Any CPU
		Release|Any CPU = Release|Any CPU
	EndGlobalSection
	GlobalSection(ProjectConfigurationPlatforms) = postSolution
		{9E167982-9802-4374-9075-3B8656455661}.Debug|Any CPU.ActiveCfg = Debug|Any CPU
		{9E167982-9802-4374-9075-3B8656455661}.Debug|Any CPU.Build.0 = Debug|Any CPU
		{9E167982-9802-4374-9075-3B8656455661}.Release|Any CPU.ActiveCfg = Release|Any CPU
		{9E167982-9802-4374-9075-3B8656455661}.Release|Any CPU.Build.0 = Release|Any CPU
	EndGlobalSection
	GlobalSection(SolutionProperties) = preSolution
		HideSolutionNode = FALSE
	EndGlobalSection
	GlobalSection(ExtensibilityGlobals) = postSolution
		SolutionGuid = {6A3C2859-4F69-4DD6-A85F-DD5CAF750456}
	EndGlobalSection
EndGlobal
