
Microsoft Visual Studio Solution File, Format Version 12.00
# Visual Studio Version 17
VisualStudioVersion = 17.4.33213.308
MinimumVisualStudioVersion = 10.0.40219.1
Project("{FAE04EC0-301F-11D3-BF4B-00C04F79EFBC}") = "Car", "Car\Car.csproj", "{B423022E-443A-4FCC-BCD8-A77BC2898E1F}"
EndProject
Global
	GlobalSection(SolutionConfigurationPlatforms) = preSolution
		Debug|Any CPU = Debug|Any CPU
		Release|Any CPU = Release|Any CPU
	EndGlobalSection
	GlobalSection(ProjectConfigurationPlatforms) = postSolution
		{B423022E-443A-4FCC-BCD8-A77BC2898E1F}.Debug|Any CPU.ActiveCfg = Debug|Any CPU
		{B423022E-443A-4FCC-BCD8-A77BC2898E1F}.Debug|Any CPU.Build.0 = Debug|Any CPU
		{B423022E-443A-4FCC-BCD8-A77BC2898E1F}.Release|Any CPU.ActiveCfg = Release|Any CPU
		{B423022E-443A-4FCC-BCD8-A77BC2898E1F}.Release|Any CPU.Build.0 = Release|Any CPU
	EndGlobalSection
	GlobalSection(SolutionProperties) = preSolution
		HideSolutionNode = FALSE
	EndGlobalSection
	GlobalSection(ExtensibilityGlobals) = postSolution
		SolutionGuid = {68B00C22-26E9-41DE-8B3E-9DAEE859DFE5}
	EndGlobalSection
EndGlobal
