
Microsoft Visual Studio Solution File, Format Version 12.00
# Visual Studio Version 17
VisualStudioVersion = 17.4.33213.308
MinimumVisualStudioVersion = 10.0.40219.1
Project("{FAE04EC0-301F-11D3-BF4B-00C04F79EFBC}") = "SignOfIntegerNumbers", "SignOfIntegerNumbers\SignOfIntegerNumbers.csproj", "{9DBDB58A-F651-43D9-B512-740B9543F531}"
EndProject
Global
	GlobalSection(SolutionConfigurationPlatforms) = preSolution
		Debug|Any CPU = Debug|Any CPU
		Release|Any CPU = Release|Any CPU
	EndGlobalSection
	GlobalSection(ProjectConfigurationPlatforms) = postSolution
		{9DBDB58A-F651-43D9-B512-740B9543F531}.Debug|Any CPU.ActiveCfg = Debug|Any CPU
		{9DBDB58A-F651-43D9-B512-740B9543F531}.Debug|Any CPU.Build.0 = Debug|Any CPU
		{9DBDB58A-F651-43D9-B512-740B9543F531}.Release|Any CPU.ActiveCfg = Release|Any CPU
		{9DBDB58A-F651-43D9-B512-740B9543F531}.Release|Any CPU.Build.0 = Release|Any CPU
	EndGlobalSection
	GlobalSection(SolutionProperties) = preSolution
		HideSolutionNode = FALSE
	EndGlobalSection
	GlobalSection(ExtensibilityGlobals) = postSolution
		SolutionGuid = {834DBB8D-0B46-4D42-BE8E-44CEA09451D5}
	EndGlobalSection
EndGlobal
