
Microsoft Visual Studio Solution File, Format Version 12.00
# Visual Studio Version 17
VisualStudioVersion = 17.4.33213.308
MinimumVisualStudioVersion = 10.0.40219.1
Project("{FAE04EC0-301F-11D3-BF4B-00C04F79EFBC}") = "FindEvenOrOdds", "FindEvenOrOdds\FindEvenOrOdds.csproj", "{3E064622-905E-4F56-9C59-526AB1EEC570}"
EndProject
Global
	GlobalSection(SolutionConfigurationPlatforms) = preSolution
		Debug|Any CPU = Debug|Any CPU
		Release|Any CPU = Release|Any CPU
	EndGlobalSection
	GlobalSection(ProjectConfigurationPlatforms) = postSolution
		{3E064622-905E-4F56-9C59-526AB1EEC570}.Debug|Any CPU.ActiveCfg = Debug|Any CPU
		{3E064622-905E-4F56-9C59-526AB1EEC570}.Debug|Any CPU.Build.0 = Debug|Any CPU
		{3E064622-905E-4F56-9C59-526AB1EEC570}.Release|Any CPU.ActiveCfg = Release|Any CPU
		{3E064622-905E-4F56-9C59-526AB1EEC570}.Release|Any CPU.Build.0 = Release|Any CPU
	EndGlobalSection
	GlobalSection(SolutionProperties) = preSolution
		HideSolutionNode = FALSE
	EndGlobalSection
	GlobalSection(ExtensibilityGlobals) = postSolution
		SolutionGuid = {D4BF3708-7C88-4F99-9DA0-E64B5CE2C981}
	EndGlobalSection
EndGlobal
