
Microsoft Visual Studio Solution File, Format Version 12.00
# Visual Studio Version 17
VisualStudioVersion = 17.4.33213.308
MinimumVisualStudioVersion = 10.0.40219.1
Project("{FAE04EC0-301F-11D3-BF4B-00C04F79EFBC}") = "ReverseStrings", "ReverseStrings\ReverseStrings.csproj", "{89412049-0AAF-4BE5-8294-EEA2211AA781}"
EndProject
Global
	GlobalSection(SolutionConfigurationPlatforms) = preSolution
		Debug|Any CPU = Debug|Any CPU
		Release|Any CPU = Release|Any CPU
	EndGlobalSection
	GlobalSection(ProjectConfigurationPlatforms) = postSolution
		{89412049-0AAF-4BE5-8294-EEA2211AA781}.Debug|Any CPU.ActiveCfg = Debug|Any CPU
		{89412049-0AAF-4BE5-8294-EEA2211AA781}.Debug|Any CPU.Build.0 = Debug|Any CPU
		{89412049-0AAF-4BE5-8294-EEA2211AA781}.Release|Any CPU.ActiveCfg = Release|Any CPU
		{89412049-0AAF-4BE5-8294-EEA2211AA781}.Release|Any CPU.Build.0 = Release|Any CPU
	EndGlobalSection
	GlobalSection(SolutionProperties) = preSolution
		HideSolutionNode = FALSE
	EndGlobalSection
	GlobalSection(ExtensibilityGlobals) = postSolution
		SolutionGuid = {A83C7660-C650-440E-84AA-F16DC1A24E97}
	EndGlobalSection
EndGlobal
