
Microsoft Visual Studio Solution File, Format Version 12.00
# Visual Studio Version 17
VisualStudioVersion = 17.4.33213.308
MinimumVisualStudioVersion = 10.0.40219.1
Project("{FAE04EC0-301F-11D3-BF4B-00C04F79EFBC}") = "CountSameValues", "CountSameValues\CountSameValues.csproj", "{34015761-278E-4B3F-BB3D-7B3708FC7506}"
EndProject
Global
	GlobalSection(SolutionConfigurationPlatforms) = preSolution
		Debug|Any CPU = Debug|Any CPU
		Release|Any CPU = Release|Any CPU
	EndGlobalSection
	GlobalSection(ProjectConfigurationPlatforms) = postSolution
		{34015761-278E-4B3F-BB3D-7B3708FC7506}.Debug|Any CPU.ActiveCfg = Debug|Any CPU
		{34015761-278E-4B3F-BB3D-7B3708FC7506}.Debug|Any CPU.Build.0 = Debug|Any CPU
		{34015761-278E-4B3F-BB3D-7B3708FC7506}.Release|Any CPU.ActiveCfg = Release|Any CPU
		{34015761-278E-4B3F-BB3D-7B3708FC7506}.Release|Any CPU.Build.0 = Release|Any CPU
	EndGlobalSection
	GlobalSection(SolutionProperties) = preSolution
		HideSolutionNode = FALSE
	EndGlobalSection
	GlobalSection(ExtensibilityGlobals) = postSolution
		SolutionGuid = {F8D2ED58-9903-4C03-81A5-BF0002E30DE6}
	EndGlobalSection
EndGlobal
