
Microsoft Visual Studio Solution File, Format Version 12.00
# Visual Studio Version 17
VisualStudioVersion = 17.4.33213.308
MinimumVisualStudioVersion = 10.0.40219.1
Project("{FAE04EC0-301F-11D3-BF4B-00C04F79EFBC}") = "EmployeeStatistic", "EmployeeStatistic\EmployeeStatistic.csproj", "{80337051-C767-44DD-BDC1-396E86355A33}"
EndProject
Global
	GlobalSection(SolutionConfigurationPlatforms) = preSolution
		Debug|Any CPU = Debug|Any CPU
		Release|Any CPU = Release|Any CPU
	EndGlobalSection
	GlobalSection(ProjectConfigurationPlatforms) = postSolution
		{80337051-C767-44DD-BDC1-396E86355A33}.Debug|Any CPU.ActiveCfg = Debug|Any CPU
		{80337051-C767-44DD-BDC1-396E86355A33}.Debug|Any CPU.Build.0 = Debug|Any CPU
		{80337051-C767-44DD-BDC1-396E86355A33}.Release|Any CPU.ActiveCfg = Release|Any CPU
		{80337051-C767-44DD-BDC1-396E86355A33}.Release|Any CPU.Build.0 = Release|Any CPU
	EndGlobalSection
	GlobalSection(SolutionProperties) = preSolution
		HideSolutionNode = FALSE
	EndGlobalSection
	GlobalSection(ExtensibilityGlobals) = postSolution
		SolutionGuid = {08FDAADB-52F8-494F-B8A9-9C89FFFFAE7A}
	EndGlobalSection
EndGlobal
