
Microsoft Visual Studio Solution File, Format Version 12.00
# Visual Studio Version 17
VisualStudioVersion = 17.4.33213.308
MinimumVisualStudioVersion = 10.0.40219.1
Project("{FAE04EC0-301F-11D3-BF4B-00C04F79EFBC}") = "TriplesOfLatinLetters", "TriplesOfLatinLetters\TriplesOfLatinLetters.csproj", "{4E73BF1C-E330-4CFE-8D32-0CB638937289}"
EndProject
Global
	GlobalSection(SolutionConfigurationPlatforms) = preSolution
		Debug|Any CPU = Debug|Any CPU
		Release|Any CPU = Release|Any CPU
	EndGlobalSection
	GlobalSection(ProjectConfigurationPlatforms) = postSolution
		{4E73BF1C-E330-4CFE-8D32-0CB638937289}.Debug|Any CPU.ActiveCfg = Debug|Any CPU
		{4E73BF1C-E330-4CFE-8D32-0CB638937289}.Debug|Any CPU.Build.0 = Debug|Any CPU
		{4E73BF1C-E330-4CFE-8D32-0CB638937289}.Release|Any CPU.ActiveCfg = Release|Any CPU
		{4E73BF1C-E330-4CFE-8D32-0CB638937289}.Release|Any CPU.Build.0 = Release|Any CPU
	EndGlobalSection
	GlobalSection(SolutionProperties) = preSolution
		HideSolutionNode = FALSE
	EndGlobalSection
	GlobalSection(ExtensibilityGlobals) = postSolution
		SolutionGuid = {B900EBD7-8127-485E-B878-9C17A7DE7E07}
	EndGlobalSection
EndGlobal
