
Microsoft Visual Studio Solution File, Format Version 12.00
# Visual Studio Version 17
VisualStudioVersion = 17.4.33213.308
MinimumVisualStudioVersion = 10.0.40219.1
Project("{FAE04EC0-301F-11D3-BF4B-00C04F79EFBC}") = "Task1", "Task1\Task1.csproj", "{C23F0796-FF08-4902-84EC-25D8A7666A9C}"
EndProject
Global
	GlobalSection(SolutionConfigurationPlatforms) = preSolution
		Debug|Any CPU = Debug|Any CPU
		Release|Any CPU = Release|Any CPU
	EndGlobalSection
	GlobalSection(ProjectConfigurationPlatforms) = postSolution
		{C23F0796-FF08-4902-84EC-25D8A7666A9C}.Debug|Any CPU.ActiveCfg = Debug|Any CPU
		{C23F0796-FF08-4902-84EC-25D8A7666A9C}.Debug|Any CPU.Build.0 = Debug|Any CPU
		{C23F0796-FF08-4902-84EC-25D8A7666A9C}.Release|Any CPU.ActiveCfg = Release|Any CPU
		{C23F0796-FF08-4902-84EC-25D8A7666A9C}.Release|Any CPU.Build.0 = Release|Any CPU
	EndGlobalSection
	GlobalSection(SolutionProperties) = preSolution
		HideSolutionNode = FALSE
	EndGlobalSection
	GlobalSection(ExtensibilityGlobals) = postSolution
		SolutionGuid = {5620E6F1-F699-4778-ABE6-4CE09E3DC26C}
	EndGlobalSection
EndGlobal
