
Microsoft Visual Studio Solution File, Format Version 12.00
# Visual Studio Version 17
VisualStudioVersion = 17.4.33213.308
MinimumVisualStudioVersion = 10.0.40219.1
Project("{FAE04EC0-301F-11D3-BF4B-00C04F79EFBC}") = "RunningGear", "RunningGear\RunningGear.csproj", "{31C98A5C-73B0-49D7-9577-591AD785A2D0}"
EndProject
Global
	GlobalSection(SolutionConfigurationPlatforms) = preSolution
		Debug|Any CPU = Debug|Any CPU
		Release|Any CPU = Release|Any CPU
	EndGlobalSection
	GlobalSection(ProjectConfigurationPlatforms) = postSolution
		{31C98A5C-73B0-49D7-9577-591AD785A2D0}.Debug|Any CPU.ActiveCfg = Debug|Any CPU
		{31C98A5C-73B0-49D7-9577-591AD785A2D0}.Debug|Any CPU.Build.0 = Debug|Any CPU
		{31C98A5C-73B0-49D7-9577-591AD785A2D0}.Release|Any CPU.ActiveCfg = Release|Any CPU
		{31C98A5C-73B0-49D7-9577-591AD785A2D0}.Release|Any CPU.Build.0 = Release|Any CPU
	EndGlobalSection
	GlobalSection(SolutionProperties) = preSolution
		HideSolutionNode = FALSE
	EndGlobalSection
	GlobalSection(ExtensibilityGlobals) = postSolution
		SolutionGuid = {56AEF5CA-5AA9-4BD8-A70D-8AD206831F09}
	EndGlobalSection
EndGlobal
