
Microsoft Visual Studio Solution File, Format Version 12.00
# Visual Studio Version 17
VisualStudioVersion = 17.4.33213.308
MinimumVisualStudioVersion = 10.0.40219.1
Project("{FAE04EC0-301F-11D3-BF4B-00C04F79EFBC}") = "ReadAndCount", "ReadAndCount\ReadAndCount.csproj", "{0BEC9898-A77A-44F8-B54A-FE74CB0577BB}"
EndProject
Global
	GlobalSection(SolutionConfigurationPlatforms) = preSolution
		Debug|Any CPU = Debug|Any CPU
		Release|Any CPU = Release|Any CPU
	EndGlobalSection
	GlobalSection(ProjectConfigurationPlatforms) = postSolution
		{0BEC9898-A77A-44F8-B54A-FE74CB0577BB}.Debug|Any CPU.ActiveCfg = Debug|Any CPU
		{0BEC9898-A77A-44F8-B54A-FE74CB0577BB}.Debug|Any CPU.Build.0 = Debug|Any CPU
		{0BEC9898-A77A-44F8-B54A-FE74CB0577BB}.Release|Any CPU.ActiveCfg = Release|Any CPU
		{0BEC9898-A77A-44F8-B54A-FE74CB0577BB}.Release|Any CPU.Build.0 = Release|Any CPU
	EndGlobalSection
	GlobalSection(SolutionProperties) = preSolution
		HideSolutionNode = FALSE
	EndGlobalSection
	GlobalSection(ExtensibilityGlobals) = postSolution
		SolutionGuid = {0D88E3A1-D713-483D-AE7C-AF7C4248683B}
	EndGlobalSection
EndGlobal
